
Microsoft Visual Studio Solution File, Format Version 12.00
# Visual Studio Version 16
VisualStudioVersion = 16.0.30804.86
MinimumVisualStudioVersion = 10.0.40219.1
Project("{FAE04EC0-301F-11D3-BF4B-00C04F79EFBC}") = "ProjetoPessoal", "ProjetoPessoal.csproj", "{EA7D3B20-BF55-4873-9017-331C0BD0DB1F}"
EndProject
Global
	GlobalSection(SolutionConfigurationPlatforms) = preSolution
		Debug|Any CPU = Debug|Any CPU
		Release|Any CPU = Release|Any CPU
	EndGlobalSection
	GlobalSection(ProjectConfigurationPlatforms) = postSolution
		{EA7D3B20-BF55-4873-9017-331C0BD0DB1F}.Debug|Any CPU.ActiveCfg = Debug|Any CPU
		{EA7D3B20-BF55-4873-9017-331C0BD0DB1F}.Debug|Any CPU.Build.0 = Debug|Any CPU
		{EA7D3B20-BF55-4873-9017-331C0BD0DB1F}.Release|Any CPU.ActiveCfg = Release|Any CPU
		{EA7D3B20-BF55-4873-9017-331C0BD0DB1F}.Release|Any CPU.Build.0 = Release|Any CPU
	EndGlobalSection
	GlobalSection(SolutionProperties) = preSolution
		HideSolutionNode = FALSE
	EndGlobalSection
	GlobalSection(ExtensibilityGlobals) = postSolution
		SolutionGuid = {C976244B-84B6-4A1C-A3B9-FE58F81FD5E7}
	EndGlobalSection
EndGlobal
